<?xml version="1.0" encoding="utf-8"?>
<Project ToolsVersion="4.0" xmlns="http://schemas.microsoft.com/developer/msbuild/2003">
  <ItemGroup>
    <Filter Include="Source Files">
      <UniqueIdentifier>{4FC737F1-C7A5-4376-A066-2A32D752A2FF}</UniqueIdentifier>
      <Extensions>qml;cpp;c;cc;cxx;def;odl;idl;hpj;bat;asm;asmx</Extensions>
    </Filter>
    <Filter Include="Header Files">
      <UniqueIdentifier>{93995380-89BD-4b04-88EB-625FBE52EBFB}</UniqueIdentifier>
      <Extensions>h;hh;hpp;hxx;hm;inl;inc;xsd</Extensions>
    </Filter>
    <Filter Include="Resource Files">
      <UniqueIdentifier>{67DA6AB6-F800-4c08-8B7A-83BB121AAD01}</UniqueIdentifier>
      <Extensions>qrc;rc;ico;cur;bmp;dlg;rc2;rct;bin;rgs;gif;jpg;jpeg;jpe;resx;tiff;tif;png;wav;mfcribbon-ms</Extensions>
    </Filter>
    <Filter Include="Form Files">
      <UniqueIdentifier>{99349809-55BA-4b9d-BF79-8FDBB0286EB3}</UniqueIdentifier>
      <Extensions>ui</Extensions>
    </Filter>
    <Filter Include="Translation Files">
      <UniqueIdentifier>{639EADAA-A684-42e4-A9AD-28FC9BCB8F7C}</UniqueIdentifier>
      <Extensions>ts</Extensions>
    </Filter>
  </ItemGroup>
  <ItemGroup>
    <QtUic Include="MyMainWindow.ui">
      <Filter>Form Files</Filter>
    </QtUic>
    <QtMoc Include="MyMainWindow.h">
      <Filter>Header Files</Filter>
    </QtMoc>
    <ClCompile Include="MyMainWindow.cpp">
      <Filter>Source Files</Filter>
    </ClCompile>
    <QtRcc Include="Resource.qrc">
      <Filter>Resource Files</Filter>
    </QtRcc>
    <QtUic Include="SetUp.ui">
      <Filter>Header Files</Filter>
    </QtUic>
  </ItemGroup>
  <ItemGroup>
    <ClCompile Include="main.cpp">
      <Filter>Source Files</Filter>
    </ClCompile>
    <ClCompile Include="Character.cpp">
      <Filter>Source Files</Filter>
    </ClCompile>
    <ClCompile Include="Smtp.cpp">
      <Filter>Source Files</Filter>
    </ClCompile>
    <ClCompile Include="Start.cpp">
      <Filter>Source Files</Filter>
    </ClCompile>
    <ClCompile Include="Player.cpp">
      <Filter>Source Files</Filter>
    </ClCompile>
    <ClCompile Include="Sorcerer.cpp">
      <Filter>Source Files</Filter>
    </ClCompile>
    <ClCompile Include="Bullet.cpp">
      <Filter>Source Files</Filter>
    </ClCompile>
    <ClCompile Include="SetUp.cpp">
      <Filter>Source Files</Filter>
    </ClCompile>
    <ClCompile Include="OriginInterface.cpp">
      <Filter>Source Files</Filter>
    </ClCompile>
    <ClCompile Include="VideoInterface.cpp">
      <Filter>Source Files</Filter>
    </ClCompile>
    <ClCompile Include="LoginInterface.cpp">
      <Filter>Source Files</Filter>
    </ClCompile>
    <ClCompile Include="RegisterInterface.cpp">
      <Filter>Source Files</Filter>
    </ClCompile>
    <ClCompile Include="StartInterface.cpp">
      <Filter>Source Files</Filter>
    </ClCompile>
    <ClCompile Include="ModeInterface.cpp">
      <Filter>Source Files</Filter>
    </ClCompile>
    <ClCompile Include="LoadInterface.cpp">
      <Filter>Source Files</Filter>
    </ClCompile>
  </ItemGroup>
  <ItemGroup>
    <ClInclude Include="Character.h">
      <Filter>Header Files</Filter>
    </ClInclude>
    <ClInclude Include="config.h">
      <Filter>Header Files</Filter>
    </ClInclude>
    <ClInclude Include="Smtp.h">
      <Filter>Header Files</Filter>
    </ClInclude>
    <ClInclude Include="Player.h">
      <Filter>Header Files</Filter>
    </ClInclude>
  </ItemGroup>
  <ItemGroup>
    <QtMoc Include="Start.h">
      <Filter>Header Files</Filter>
    </QtMoc>
    <QtMoc Include="SetUp.h">
      <Filter>Header Files</Filter>
    </QtMoc>
    <QtMoc Include="OriginInterface.h">
      <Filter>Header Files</Filter>
    </QtMoc>
    <QtMoc Include="VideoInterface.h">
      <Filter>Header Files</Filter>
    </QtMoc>
    <QtMoc Include="LoginInterface.h">
      <Filter>Header Files</Filter>
    </QtMoc>
    <QtMoc Include="RegisterInterface.h">
      <Filter>Header Files</Filter>
    </QtMoc>
    <QtMoc Include="StartInterface.h">
      <Filter>Header Files</Filter>
    </QtMoc>
    <QtMoc Include="ModeInterface.h">
      <Filter>Header Files</Filter>
    </QtMoc>
    <QtMoc Include="LoadInterface.h">
      <Filter>Header Files</Filter>
    </QtMoc>
  </ItemGroup>
</Project>